
Microsoft Visual Studio Solution File, Format Version 12.00
# Visual Studio Version 17
VisualStudioVersion = 17.3.32901.215
MinimumVisualStudioVersion = 10.0.40219.1
Project("{FAE04EC0-301F-11D3-BF4B-00C04F79EFBC}") = "Rejtjel0213", "Rejtjel0213.csproj", "{7361B662-7730-4064-8BD9-314F55CB9CD8}"
EndProject
Global
	GlobalSection(SolutionConfigurationPlatforms) = preSolution
		Debug|Any CPU = Debug|Any CPU
		Release|Any CPU = Release|Any CPU
	EndGlobalSection
	GlobalSection(ProjectConfigurationPlatforms) = postSolution
		{7361B662-7730-4064-8BD9-314F55CB9CD8}.Debug|Any CPU.ActiveCfg = Debug|Any CPU
		{7361B662-7730-4064-8BD9-314F55CB9CD8}.Debug|Any CPU.Build.0 = Debug|Any CPU
		{7361B662-7730-4064-8BD9-314F55CB9CD8}.Release|Any CPU.ActiveCfg = Release|Any CPU
		{7361B662-7730-4064-8BD9-314F55CB9CD8}.Release|Any CPU.Build.0 = Release|Any CPU
	EndGlobalSection
	GlobalSection(SolutionProperties) = preSolution
		HideSolutionNode = FALSE
	EndGlobalSection
	GlobalSection(ExtensibilityGlobals) = postSolution
		SolutionGuid = {113C3470-041B-4D35-8F5C-1A43D26EFFF8}
	EndGlobalSection
EndGlobal
